
Microsoft Visual Studio Solution File, Format Version 12.00
# Visual Studio 15
VisualStudioVersion = 15.0.26430.12
MinimumVisualStudioVersion = 10.0.40219.1
Project("{FAE04EC0-301F-11D3-BF4B-00C04F79EFBC}") = "WEBEAPOS", "WEBEAPOS\WEBEAPOS.csproj", "{3E8070F9-6483-4FCB-957E-9BAD7EA4FDC2}"
EndProject
Project("{FAE04EC0-301F-11D3-BF4B-00C04F79EFBC}") = "WEBEAPOS.DataAccess", "WEBEAPOS.DataAccess\WEBEAPOS.DataAccess.csproj", "{46864A94-009E-457F-BCC8-3108DAC02D25}"
EndProject
Global
	GlobalSection(SolutionConfigurationPlatforms) = preSolution
		Debug|Any CPU = Debug|Any CPU
		Release|Any CPU = Release|Any CPU
	EndGlobalSection
	GlobalSection(ProjectConfigurationPlatforms) = postSolution
		{3E8070F9-6483-4FCB-957E-9BAD7EA4FDC2}.Debug|Any CPU.ActiveCfg = Debug|Any CPU
		{3E8070F9-6483-4FCB-957E-9BAD7EA4FDC2}.Debug|Any CPU.Build.0 = Debug|Any CPU
		{3E8070F9-6483-4FCB-957E-9BAD7EA4FDC2}.Release|Any CPU.ActiveCfg = Release|Any CPU
		{3E8070F9-6483-4FCB-957E-9BAD7EA4FDC2}.Release|Any CPU.Build.0 = Release|Any CPU
		{46864A94-009E-457F-BCC8-3108DAC02D25}.Debug|Any CPU.ActiveCfg = Debug|Any CPU
		{46864A94-009E-457F-BCC8-3108DAC02D25}.Debug|Any CPU.Build.0 = Debug|Any CPU
		{46864A94-009E-457F-BCC8-3108DAC02D25}.Release|Any CPU.ActiveCfg = Release|Any CPU
		{46864A94-009E-457F-BCC8-3108DAC02D25}.Release|Any CPU.Build.0 = Release|Any CPU
	EndGlobalSection
	GlobalSection(SolutionProperties) = preSolution
		HideSolutionNode = FALSE
	EndGlobalSection
EndGlobal
